<Solution>
  <Folder Name="/Elementos de la solución/">
    <File Path="Directory.Packages.props" />
    <File Path="k6-load-test.js" />
  </Folder>
  <Project Path="Shop.APIGateway/Shop.APIGateway.csproj" />
  <Project Path="Shop.APIIdentity/Shop.APIIdentity.csproj" />
  <Project Path="Shop.Host/Shop.Host.csproj" />
  <Project Path="Shop.Notifications/Shop.Notifications.csproj" />
  <Project Path="Shop.ServiceDefaults/Shop.ServiceDefaults.csproj" Id="5dc1c37f-2687-4787-a3f3-6f15f715a8b5" />
  <Project Path="Shop.Shared/Shop.Shared.csproj" Id="665b9d2b-f885-440a-9475-8e99506d36cd" />
</Solution>
